
Microsoft Visual Studio Solution File, Format Version 12.00
# Visual Studio Version 16
VisualStudioVersion = 16.0.29613.14
MinimumVisualStudioVersion = 10.0.40219.1
Project("{FAE04EC0-301F-11D3-BF4B-00C04F79EFBC}") = "PanoWallSync", "PanoWallSync.csproj", "{B52552E3-97F8-48C6-9FD2-2021CE9D992C}"
EndProject
Global
	GlobalSection(SolutionConfigurationPlatforms) = preSolution
		Debug|Any CPU = Debug|Any CPU
		Release|Any CPU = Release|Any CPU
	EndGlobalSection
	GlobalSection(ProjectConfigurationPlatforms) = postSolution
		{B52552E3-97F8-48C6-9FD2-2021CE9D992C}.Debug|Any CPU.ActiveCfg = Debug|Any CPU
		{B52552E3-97F8-48C6-9FD2-2021CE9D992C}.Debug|Any CPU.Build.0 = Debug|Any CPU
		{B52552E3-97F8-48C6-9FD2-2021CE9D992C}.Release|Any CPU.ActiveCfg = Release|Any CPU
		{B52552E3-97F8-48C6-9FD2-2021CE9D992C}.Release|Any CPU.Build.0 = Release|Any CPU
	EndGlobalSection
	GlobalSection(SolutionProperties) = preSolution
		HideSolutionNode = FALSE
	EndGlobalSection
	GlobalSection(ExtensibilityGlobals) = postSolution
		SolutionGuid = {928EFA21-A1E2-4051-B9AE-33D2AAC2354C}
	EndGlobalSection
EndGlobal
